
Microsoft Visual Studio Solution File, Format Version 12.00
# Visual Studio Version 16
VisualStudioVersion = 16.0.33214.272
MinimumVisualStudioVersion = 10.0.40219.1
Project("{FAE04EC0-301F-11D3-BF4B-00C04F79EFBC}") = "practiceASPproject", "practiceASPproject\practiceASPproject.csproj", "{02308429-3ACF-4887-82E8-515D7483528B}"
EndProject
Global
	GlobalSection(SolutionConfigurationPlatforms) = preSolution
		Debug|Any CPU = Debug|Any CPU
		Release|Any CPU = Release|Any CPU
	EndGlobalSection
	GlobalSection(ProjectConfigurationPlatforms) = postSolution
		{02308429-3ACF-4887-82E8-515D7483528B}.Debug|Any CPU.ActiveCfg = Debug|Any CPU
		{02308429-3ACF-4887-82E8-515D7483528B}.Debug|Any CPU.Build.0 = Debug|Any CPU
		{02308429-3ACF-4887-82E8-515D7483528B}.Release|Any CPU.ActiveCfg = Release|Any CPU
		{02308429-3ACF-4887-82E8-515D7483528B}.Release|Any CPU.Build.0 = Release|Any CPU
	EndGlobalSection
	GlobalSection(SolutionProperties) = preSolution
		HideSolutionNode = FALSE
	EndGlobalSection
	GlobalSection(ExtensibilityGlobals) = postSolution
		SolutionGuid = {715CF439-317C-4A3F-8BC2-0032B35CD808}
	EndGlobalSection
EndGlobal
